
Microsoft Visual Studio Solution File, Format Version 12.00
# Visual Studio Version 16
VisualStudioVersion = 16.0.31515.178
MinimumVisualStudioVersion = 10.0.40219.1
Project("{FAE04EC0-301F-11D3-BF4B-00C04F79EFBC}") = "SystemUpgrade", "SystemUpgrade.csproj", "{050FE4C8-2393-4867-B333-DB637CDE05F0}"
EndProject
Global
	GlobalSection(SolutionConfigurationPlatforms) = preSolution
		Debug|Any CPU = Debug|Any CPU
		Release|Any CPU = Release|Any CPU
	EndGlobalSection
	GlobalSection(ProjectConfigurationPlatforms) = postSolution
		{050FE4C8-2393-4867-B333-DB637CDE05F0}.Debug|Any CPU.ActiveCfg = Debug|Any CPU
		{050FE4C8-2393-4867-B333-DB637CDE05F0}.Debug|Any CPU.Build.0 = Debug|Any CPU
		{050FE4C8-2393-4867-B333-DB637CDE05F0}.Release|Any CPU.ActiveCfg = Release|Any CPU
		{050FE4C8-2393-4867-B333-DB637CDE05F0}.Release|Any CPU.Build.0 = Release|Any CPU
	EndGlobalSection
	GlobalSection(SolutionProperties) = preSolution
		HideSolutionNode = FALSE
	EndGlobalSection
	GlobalSection(ExtensibilityGlobals) = postSolution
		SolutionGuid = {52AABBA0-85F9-406D-88C8-E01E3A017017}
	EndGlobalSection
EndGlobal
